
Microsoft Visual Studio Solution File, Format Version 12.00
# Visual Studio 14
VisualStudioVersion = 14.0.25420.1
MinimumVisualStudioVersion = 10.0.40219.1
Project("{FAE04EC0-301F-11D3-BF4B-00C04F79EFBC}") = "DataEncryptionStandardServiceProvider", "DataEncryptionStandardServiceProvider\DataEncryptionStandardServiceProvider.csproj", "{6B4F3C62-1E0B-4B57-9DA8-4667699F03F4}"
EndProject
Project("{2150E333-8FDC-42A3-9474-1A3956D46DE8}") = "Solution Items", "Solution Items", "{FE73FB8D-21E5-4FEA-A2EA-12307C611F4C}"
	ProjectSection(SolutionItems) = preProject
		Settings.StyleCop = Settings.StyleCop
	EndProjectSection
EndProject
Project("{FAE04EC0-301F-11D3-BF4B-00C04F79EFBC}") = "DESServiceProvider.Test", "DESServiceProvider.Test\DESServiceProvider.Test.csproj", "{057F5159-5E36-43B7-890A-2F70902ED522}"
EndProject
Global
	GlobalSection(SolutionConfigurationPlatforms) = preSolution
		Debug|Any CPU = Debug|Any CPU
		Release|Any CPU = Release|Any CPU
	EndGlobalSection
	GlobalSection(ProjectConfigurationPlatforms) = postSolution
		{6B4F3C62-1E0B-4B57-9DA8-4667699F03F4}.Debug|Any CPU.ActiveCfg = Debug|Any CPU
		{6B4F3C62-1E0B-4B57-9DA8-4667699F03F4}.Debug|Any CPU.Build.0 = Debug|Any CPU
		{6B4F3C62-1E0B-4B57-9DA8-4667699F03F4}.Release|Any CPU.ActiveCfg = Release|Any CPU
		{6B4F3C62-1E0B-4B57-9DA8-4667699F03F4}.Release|Any CPU.Build.0 = Release|Any CPU
		{057F5159-5E36-43B7-890A-2F70902ED522}.Debug|Any CPU.ActiveCfg = Debug|Any CPU
		{057F5159-5E36-43B7-890A-2F70902ED522}.Debug|Any CPU.Build.0 = Debug|Any CPU
		{057F5159-5E36-43B7-890A-2F70902ED522}.Release|Any CPU.ActiveCfg = Release|Any CPU
		{057F5159-5E36-43B7-890A-2F70902ED522}.Release|Any CPU.Build.0 = Release|Any CPU
	EndGlobalSection
	GlobalSection(SolutionProperties) = preSolution
		HideSolutionNode = FALSE
	EndGlobalSection
	GlobalSection(TeamFoundationVersionControl) = preSolution
		SccNumberOfProjects = 3
		SccEnterpriseProvider = {4CA58AB2-18FA-4F8D-95D4-32DDF27D184C}
		SccTeamFoundationServer = https://tfs.amb2.siemens.de/tfs/mes
		SccLocalPath0 = .
		SccProjectUniqueName1 = DataEncryptionStandardServiceProvider\\DataEncryptionStandardServiceProvider.csproj
		SccProjectName1 = DataEncryptionStandardServiceProvider
		SccLocalPath1 = DataEncryptionStandardServiceProvider
		SccProjectUniqueName2 = DESServiceProvider.Test\\DESServiceProvider.Test.csproj
		SccProjectName2 = DESServiceProvider.Test
		SccLocalPath2 = DESServiceProvider.Test
	EndGlobalSection
EndGlobal
